{
  "version": 4,
  "terraform_version": "1.11.4",
  "serial": 12,
  "lineage": "a3239e48-7ae4-686a-a2a4-85bd166c7c46",
  "outputs": {},
  "resources": [
    {
      "mode": "managed",
      "type": "banking_customer_account",
      "name": "customer1",
      "provider": "provider[\"registry.terraform.io/example/banking\"]",
      "instances": [
        {
          "schema_version": 0,
          "attributes": {
            "account_type": "savings",
            "balance": 1500.75,
            "email": "alice@example.com",
            "first_name": "Alice",
            "id": "4",
            "last_name": "Doe"
          },
          "sensitive_attributes": []
        }
      ]
    }
  ],
  "check_results": null
}
